
Microsoft Visual Studio Solution File, Format Version 12.00
# Visual Studio Version 17
VisualStudioVersion = 17.5.002.0
MinimumVisualStudioVersion = 10.0.40219.1
Project("{2150E333-8FDC-42A3-9474-1A3956D46DE8}") = "Labfiles", "Labfiles", "{1CA0359E-A971-4289-AAF3-8B996CC6972B}"
EndProject
Project("{2150E333-8FDC-42A3-9474-1A3956D46DE8}") = "02-azure-openai-api", "02-azure-openai-api", "{6FEF92B3-57B6-4B33-BD46-19E668DE396D}"
EndProject
Project("{9A19103F-16F7-4668-BE54-9A1E7A4F7556}") = "CSharp", "Labfiles\02-azure-openai-api\CSharp\CSharp.csproj", "{70A07D9B-8771-4B7B-8AAE-67BBB955208A}"
EndProject
Project("{2150E333-8FDC-42A3-9474-1A3956D46DE8}") = "03-prompt-engineering", "03-prompt-engineering", "{FF2AC5BD-ED3F-44C3-B9B6-5A73CEDEDF03}"
EndProject
Project("{9A19103F-16F7-4668-BE54-9A1E7A4F7556}") = "CSharp", "Labfiles\03-prompt-engineering\CSharp\CSharp.csproj", "{DB600E43-3B7B-4EBA-A012-D2B6C8689A4A}"
EndProject
Project("{2150E333-8FDC-42A3-9474-1A3956D46DE8}") = "06-use-own-data", "06-use-own-data", "{DCCFBF56-25C4-4FD5-9FCA-70CD9AFE00E2}"
EndProject
Project("{9A19103F-16F7-4668-BE54-9A1E7A4F7556}") = "CSharp", "Labfiles\06-use-own-data\CSharp\CSharp.csproj", "{BBDECEEC-0362-4FE6-B484-D1C815FC2100}"
EndProject
Project("{2150E333-8FDC-42A3-9474-1A3956D46DE8}") = "04-code-generation", "04-code-generation", "{2F664989-0F8B-412B-900C-0FCDD2DB58C2}"
EndProject
Project("{9A19103F-16F7-4668-BE54-9A1E7A4F7556}") = "CSharp", "Labfiles\04-code-generation\CSharp\CSharp.csproj", "{F1057101-DB81-4AF1-AAE5-125433EE6A93}"
EndProject
Project("{2150E333-8FDC-42A3-9474-1A3956D46DE8}") = "05-image-generation", "05-image-generation", "{7AA5D1DD-D89B-4CCF-9C47-F6C28FC84395}"
EndProject
Project("{9A19103F-16F7-4668-BE54-9A1E7A4F7556}") = "generate_image", "Labfiles\05-image-generation\CSharp\generate_image.csproj", "{0F910389-34CC-494E-9345-2D3C860054D9}"
EndProject
Project("{2150E333-8FDC-42A3-9474-1A3956D46DE8}") = "sample-code", "sample-code", "{FA50C634-BDC4-498F-A589-DDB34AC7191F}"
EndProject
Project("{9A19103F-16F7-4668-BE54-9A1E7A4F7556}") = "CSharp", "Labfiles\04-code-generation\sample-code\go-fish\CSharp.csproj", "{93688BC5-BA77-475F-97EA-F2FB736B236D}"
EndProject
Global
	GlobalSection(SolutionConfigurationPlatforms) = preSolution
		Debug|Any CPU = Debug|Any CPU
		Release|Any CPU = Release|Any CPU
	EndGlobalSection
	GlobalSection(ProjectConfigurationPlatforms) = postSolution
		{70A07D9B-8771-4B7B-8AAE-67BBB955208A}.Debug|Any CPU.ActiveCfg = Debug|Any CPU
		{70A07D9B-8771-4B7B-8AAE-67BBB955208A}.Debug|Any CPU.Build.0 = Debug|Any CPU
		{70A07D9B-8771-4B7B-8AAE-67BBB955208A}.Release|Any CPU.ActiveCfg = Release|Any CPU
		{70A07D9B-8771-4B7B-8AAE-67BBB955208A}.Release|Any CPU.Build.0 = Release|Any CPU
		{DB600E43-3B7B-4EBA-A012-D2B6C8689A4A}.Debug|Any CPU.ActiveCfg = Debug|Any CPU
		{DB600E43-3B7B-4EBA-A012-D2B6C8689A4A}.Debug|Any CPU.Build.0 = Debug|Any CPU
		{DB600E43-3B7B-4EBA-A012-D2B6C8689A4A}.Release|Any CPU.ActiveCfg = Release|Any CPU
		{DB600E43-3B7B-4EBA-A012-D2B6C8689A4A}.Release|Any CPU.Build.0 = Release|Any CPU
		{BBDECEEC-0362-4FE6-B484-D1C815FC2100}.Debug|Any CPU.ActiveCfg = Debug|Any CPU
		{BBDECEEC-0362-4FE6-B484-D1C815FC2100}.Debug|Any CPU.Build.0 = Debug|Any CPU
		{BBDECEEC-0362-4FE6-B484-D1C815FC2100}.Release|Any CPU.ActiveCfg = Release|Any CPU
		{BBDECEEC-0362-4FE6-B484-D1C815FC2100}.Release|Any CPU.Build.0 = Release|Any CPU
		{F1057101-DB81-4AF1-AAE5-125433EE6A93}.Debug|Any CPU.ActiveCfg = Debug|Any CPU
		{F1057101-DB81-4AF1-AAE5-125433EE6A93}.Debug|Any CPU.Build.0 = Debug|Any CPU
		{F1057101-DB81-4AF1-AAE5-125433EE6A93}.Release|Any CPU.ActiveCfg = Release|Any CPU
		{F1057101-DB81-4AF1-AAE5-125433EE6A93}.Release|Any CPU.Build.0 = Release|Any CPU
		{0F910389-34CC-494E-9345-2D3C860054D9}.Debug|Any CPU.ActiveCfg = Debug|Any CPU
		{0F910389-34CC-494E-9345-2D3C860054D9}.Debug|Any CPU.Build.0 = Debug|Any CPU
		{0F910389-34CC-494E-9345-2D3C860054D9}.Release|Any CPU.ActiveCfg = Release|Any CPU
		{0F910389-34CC-494E-9345-2D3C860054D9}.Release|Any CPU.Build.0 = Release|Any CPU
		{93688BC5-BA77-475F-97EA-F2FB736B236D}.Debug|Any CPU.ActiveCfg = Debug|Any CPU
		{93688BC5-BA77-475F-97EA-F2FB736B236D}.Debug|Any CPU.Build.0 = Debug|Any CPU
		{93688BC5-BA77-475F-97EA-F2FB736B236D}.Release|Any CPU.ActiveCfg = Release|Any CPU
		{93688BC5-BA77-475F-97EA-F2FB736B236D}.Release|Any CPU.Build.0 = Release|Any CPU
	EndGlobalSection
	GlobalSection(SolutionProperties) = preSolution
		HideSolutionNode = FALSE
	EndGlobalSection
	GlobalSection(NestedProjects) = preSolution
		{6FEF92B3-57B6-4B33-BD46-19E668DE396D} = {1CA0359E-A971-4289-AAF3-8B996CC6972B}
		{70A07D9B-8771-4B7B-8AAE-67BBB955208A} = {6FEF92B3-57B6-4B33-BD46-19E668DE396D}
		{FF2AC5BD-ED3F-44C3-B9B6-5A73CEDEDF03} = {1CA0359E-A971-4289-AAF3-8B996CC6972B}
		{DB600E43-3B7B-4EBA-A012-D2B6C8689A4A} = {FF2AC5BD-ED3F-44C3-B9B6-5A73CEDEDF03}
		{DCCFBF56-25C4-4FD5-9FCA-70CD9AFE00E2} = {1CA0359E-A971-4289-AAF3-8B996CC6972B}
		{BBDECEEC-0362-4FE6-B484-D1C815FC2100} = {DCCFBF56-25C4-4FD5-9FCA-70CD9AFE00E2}
		{2F664989-0F8B-412B-900C-0FCDD2DB58C2} = {1CA0359E-A971-4289-AAF3-8B996CC6972B}
		{F1057101-DB81-4AF1-AAE5-125433EE6A93} = {2F664989-0F8B-412B-900C-0FCDD2DB58C2}
		{7AA5D1DD-D89B-4CCF-9C47-F6C28FC84395} = {1CA0359E-A971-4289-AAF3-8B996CC6972B}
		{0F910389-34CC-494E-9345-2D3C860054D9} = {7AA5D1DD-D89B-4CCF-9C47-F6C28FC84395}
		{FA50C634-BDC4-498F-A589-DDB34AC7191F} = {2F664989-0F8B-412B-900C-0FCDD2DB58C2}
		{93688BC5-BA77-475F-97EA-F2FB736B236D} = {FA50C634-BDC4-498F-A589-DDB34AC7191F}
	EndGlobalSection
	GlobalSection(ExtensibilityGlobals) = postSolution
		SolutionGuid = {912EE76E-3258-43C9-9363-EA48AE29243B}
	EndGlobalSection
EndGlobal
